
Microsoft Visual Studio Solution File, Format Version 12.00
# Visual Studio Version 17
VisualStudioVersion = 17.5.33516.290
MinimumVisualStudioVersion = 10.0.40219.1
Project("{FAE04EC0-301F-11D3-BF4B-00C04F79EFBC}") = "ApisContratos", "ApisContratos\ApisContratos.csproj", "{F9A37543-AA04-4583-8E7B-C8872F215D91}"
EndProject
Global
	GlobalSection(SolutionConfigurationPlatforms) = preSolution
		Debug|Any CPU = Debug|Any CPU
		Release|Any CPU = Release|Any CPU
	EndGlobalSection
	GlobalSection(ProjectConfigurationPlatforms) = postSolution
		{F9A37543-AA04-4583-8E7B-C8872F215D91}.Debug|Any CPU.ActiveCfg = Debug|Any CPU
		{F9A37543-AA04-4583-8E7B-C8872F215D91}.Debug|Any CPU.Build.0 = Debug|Any CPU
		{F9A37543-AA04-4583-8E7B-C8872F215D91}.Release|Any CPU.ActiveCfg = Release|Any CPU
		{F9A37543-AA04-4583-8E7B-C8872F215D91}.Release|Any CPU.Build.0 = Release|Any CPU
	EndGlobalSection
	GlobalSection(SolutionProperties) = preSolution
		HideSolutionNode = FALSE
	EndGlobalSection
	GlobalSection(ExtensibilityGlobals) = postSolution
		SolutionGuid = {36725BF3-F6D5-4585-B139-5B1DE1A2053D}
	EndGlobalSection
EndGlobal
